
Microsoft Visual Studio Solution File, Format Version 12.00
# Visual Studio Version 16
VisualStudioVersion = 16.0.30611.23
MinimumVisualStudioVersion = 10.0.40219.1
Project("{9A19103F-16F7-4668-BE54-9A1E7A4F7556}") = "Ants.Core", "Ants.Core\Ants.Core.csproj", "{76198DF2-F806-443D-B57F-6728988295F1}"
EndProject
Project("{9A19103F-16F7-4668-BE54-9A1E7A4F7556}") = "Ants.Tests", "Ants.Tests\Ants.Tests.csproj", "{B12ECF0A-85FB-444B-BE04-F3D9E4CE9353}"
EndProject
Project("{FAE04EC0-301F-11D3-BF4B-00C04F79EFBC}") = "Ants.Visual", "Ants.Visual\Ants.Visual.csproj", "{161A4D8E-7DE0-443F-A3FA-52A315BAB21D}"
EndProject
Global
	GlobalSection(SolutionConfigurationPlatforms) = preSolution
		Debug|Any CPU = Debug|Any CPU
		Release|Any CPU = Release|Any CPU
	EndGlobalSection
	GlobalSection(ProjectConfigurationPlatforms) = postSolution
		{76198DF2-F806-443D-B57F-6728988295F1}.Debug|Any CPU.ActiveCfg = Debug|Any CPU
		{76198DF2-F806-443D-B57F-6728988295F1}.Debug|Any CPU.Build.0 = Debug|Any CPU
		{76198DF2-F806-443D-B57F-6728988295F1}.Release|Any CPU.ActiveCfg = Release|Any CPU
		{76198DF2-F806-443D-B57F-6728988295F1}.Release|Any CPU.Build.0 = Release|Any CPU
		{B12ECF0A-85FB-444B-BE04-F3D9E4CE9353}.Debug|Any CPU.ActiveCfg = Debug|Any CPU
		{B12ECF0A-85FB-444B-BE04-F3D9E4CE9353}.Debug|Any CPU.Build.0 = Debug|Any CPU
		{B12ECF0A-85FB-444B-BE04-F3D9E4CE9353}.Release|Any CPU.ActiveCfg = Release|Any CPU
		{B12ECF0A-85FB-444B-BE04-F3D9E4CE9353}.Release|Any CPU.Build.0 = Release|Any CPU
		{161A4D8E-7DE0-443F-A3FA-52A315BAB21D}.Debug|Any CPU.ActiveCfg = Debug|Any CPU
		{161A4D8E-7DE0-443F-A3FA-52A315BAB21D}.Debug|Any CPU.Build.0 = Debug|Any CPU
		{161A4D8E-7DE0-443F-A3FA-52A315BAB21D}.Release|Any CPU.ActiveCfg = Release|Any CPU
		{161A4D8E-7DE0-443F-A3FA-52A315BAB21D}.Release|Any CPU.Build.0 = Release|Any CPU
	EndGlobalSection
	GlobalSection(SolutionProperties) = preSolution
		HideSolutionNode = FALSE
	EndGlobalSection
	GlobalSection(ExtensibilityGlobals) = postSolution
		SolutionGuid = {B2865CFF-198B-4D70-87BC-10C012C9298A}
	EndGlobalSection
EndGlobal
